<Solution>
  <Project Path="Client.Engine/Client.Engine.csproj" />
  <Project Path="Common/Common.csproj" Id="a157c165-06ed-491c-b7a7-0245160a5160" />
  <Project Path="Contracts/Contracts.csproj" />
  <Project Path="Server.Storage/Server.Storage.csproj" Id="31669661-25c6-48a7-b44d-bf454b2b0516" />
  <Project Path="Server.Auth/Server.Auth.csproj" Id="d0a1c0b0-c4e7-4f8b-b8d1-a0e8c8f1e1d7" />
</Solution>
